Microsoft Visual Studio Solution File, Format Version 12.00
# Visual Studio Version 18
VisualStudioVersion = 18.4.11605.240
MinimumVisualStudioVersion = 10.0.40219.1
Project("{F184B08F-C81C-45F6-A57F-5ABD9991F28F}") = "Skrzynki", "Skrzynki.vbproj", "{0D424E42-3167-48D0-8220-56D0C2D978EB}"
EndProject
Project("{C7167F0D-BC9F-4E6E-AFE1-012C56B48DB5}") = "SkrzynkiPackage", "SkrzynkiPackage\SkrzynkiPackage.wapproj", "{3B5CAA22-E54E-48B4-9C21-B3CB66DE15AC}"
EndProject
Project("{F184B08F-C81C-45F6-A57F-5ABD9991F28F}") = "Skrzynki.Core", "Skrzynki.Core\Skrzynki.Core.vbproj", "{03577D12-3F0B-41DA-A775-206869065709}"
EndProject
Global
	GlobalSection(SolutionConfigurationPlatforms) = preSolution
		Debug|Any CPU = Debug|Any CPU
		Debug|ARM = Debug|ARM
		Debug|ARM64 = Debug|ARM64
		Debug|x64 = Debug|x64
		Debug|x86 = Debug|x86
		Release|Any CPU = Release|Any CPU
		Release|ARM = Release|ARM
		Release|ARM64 = Release|ARM64
		Release|x64 = Release|x64
		Release|x86 = Release|x86
	EndGlobalSection
	GlobalSection(ProjectConfigurationPlatforms) = postSolution
		{0D424E42-3167-48D0-8220-56D0C2D978EB}.Debug|Any CPU.ActiveCfg = Debug|Any CPU
		{0D424E42-3167-48D0-8220-56D0C2D978EB}.Debug|Any CPU.Build.0 = Debug|Any CPU
		{0D424E42-3167-48D0-8220-56D0C2D978EB}.Debug|ARM.ActiveCfg = Debug|Any CPU
		{0D424E42-3167-48D0-8220-56D0C2D978EB}.Debug|ARM.Build.0 = Debug|Any CPU
		{0D424E42-3167-48D0-8220-56D0C2D978EB}.Debug|ARM64.ActiveCfg = Debug|Any CPU
		{0D424E42-3167-48D0-8220-56D0C2D978EB}.Debug|ARM64.Build.0 = Debug|Any CPU
		{0D424E42-3167-48D0-8220-56D0C2D978EB}.Debug|x64.ActiveCfg = Debug|x64
		{0D424E42-3167-48D0-8220-56D0C2D978EB}.Debug|x64.Build.0 = Debug|x64
		{0D424E42-3167-48D0-8220-56D0C2D978EB}.Debug|x86.ActiveCfg = Debug|Any CPU
		{0D424E42-3167-48D0-8220-56D0C2D978EB}.Debug|x86.Build.0 = Debug|Any CPU
		{0D424E42-3167-48D0-8220-56D0C2D978EB}.Release|Any CPU.ActiveCfg = Release|Any CPU
		{0D424E42-3167-48D0-8220-56D0C2D978EB}.Release|Any CPU.Build.0 = Release|Any CPU
		{0D424E42-3167-48D0-8220-56D0C2D978EB}.Release|ARM.ActiveCfg = Release|Any CPU
		{0D424E42-3167-48D0-8220-56D0C2D978EB}.Release|ARM.Build.0 = Release|Any CPU
		{0D424E42-3167-48D0-8220-56D0C2D978EB}.Release|ARM64.ActiveCfg = Release|Any CPU
		{0D424E42-3167-48D0-8220-56D0C2D978EB}.Release|ARM64.Build.0 = Release|Any CPU
		{0D424E42-3167-48D0-8220-56D0C2D978EB}.Release|x64.ActiveCfg = Release|x64
		{0D424E42-3167-48D0-8220-56D0C2D978EB}.Release|x64.Build.0 = Release|x64
		{0D424E42-3167-48D0-8220-56D0C2D978EB}.Release|x86.ActiveCfg = Release|Any CPU
		{0D424E42-3167-48D0-8220-56D0C2D978EB}.Release|x86.Build.0 = Release|Any CPU
		{3B5CAA22-E54E-48B4-9C21-B3CB66DE15AC}.Debug|Any CPU.ActiveCfg = Debug|Any CPU
		{3B5CAA22-E54E-48B4-9C21-B3CB66DE15AC}.Debug|Any CPU.Build.0 = Debug|Any CPU
		{3B5CAA22-E54E-48B4-9C21-B3CB66DE15AC}.Debug|Any CPU.Deploy.0 = Debug|Any CPU
		{3B5CAA22-E54E-48B4-9C21-B3CB66DE15AC}.Debug|ARM.ActiveCfg = Debug|ARM
		{3B5CAA22-E54E-48B4-9C21-B3CB66DE15AC}.Debug|ARM.Build.0 = Debug|ARM
		{3B5CAA22-E54E-48B4-9C21-B3CB66DE15AC}.Debug|ARM.Deploy.0 = Debug|ARM
		{3B5CAA22-E54E-48B4-9C21-B3CB66DE15AC}.Debug|ARM64.ActiveCfg = Debug|ARM64
		{3B5CAA22-E54E-48B4-9C21-B3CB66DE15AC}.Debug|ARM64.Build.0 = Debug|ARM64
		{3B5CAA22-E54E-48B4-9C21-B3CB66DE15AC}.Debug|ARM64.Deploy.0 = Debug|ARM64
		{3B5CAA22-E54E-48B4-9C21-B3CB66DE15AC}.Debug|x64.ActiveCfg = Debug|x64
		{3B5CAA22-E54E-48B4-9C21-B3CB66DE15AC}.Debug|x64.Build.0 = Debug|x64
		{3B5CAA22-E54E-48B4-9C21-B3CB66DE15AC}.Debug|x64.Deploy.0 = Debug|x64
		{3B5CAA22-E54E-48B4-9C21-B3CB66DE15AC}.Debug|x86.ActiveCfg = Debug|x86
		{3B5CAA22-E54E-48B4-9C21-B3CB66DE15AC}.Debug|x86.Build.0 = Debug|x86
		{3B5CAA22-E54E-48B4-9C21-B3CB66DE15AC}.Debug|x86.Deploy.0 = Debug|x86
		{3B5CAA22-E54E-48B4-9C21-B3CB66DE15AC}.Release|Any CPU.ActiveCfg = Release|Any CPU
		{3B5CAA22-E54E-48B4-9C21-B3CB66DE15AC}.Release|Any CPU.Build.0 = Release|Any CPU
		{3B5CAA22-E54E-48B4-9C21-B3CB66DE15AC}.Release|Any CPU.Deploy.0 = Release|Any CPU
		{3B5CAA22-E54E-48B4-9C21-B3CB66DE15AC}.Release|ARM.ActiveCfg = Release|ARM
		{3B5CAA22-E54E-48B4-9C21-B3CB66DE15AC}.Release|ARM.Build.0 = Release|ARM
		{3B5CAA22-E54E-48B4-9C21-B3CB66DE15AC}.Release|ARM.Deploy.0 = Release|ARM
		{3B5CAA22-E54E-48B4-9C21-B3CB66DE15AC}.Release|ARM64.ActiveCfg = Release|ARM64
		{3B5CAA22-E54E-48B4-9C21-B3CB66DE15AC}.Release|ARM64.Build.0 = Release|ARM64
		{3B5CAA22-E54E-48B4-9C21-B3CB66DE15AC}.Release|ARM64.Deploy.0 = Release|ARM64
		{3B5CAA22-E54E-48B4-9C21-B3CB66DE15AC}.Release|x64.ActiveCfg = Release|x64
		{3B5CAA22-E54E-48B4-9C21-B3CB66DE15AC}.Release|x64.Build.0 = Release|x64
		{3B5CAA22-E54E-48B4-9C21-B3CB66DE15AC}.Release|x64.Deploy.0 = Release|x64
		{3B5CAA22-E54E-48B4-9C21-B3CB66DE15AC}.Release|x86.ActiveCfg = Release|x86
		{3B5CAA22-E54E-48B4-9C21-B3CB66DE15AC}.Release|x86.Build.0 = Release|x86
		{3B5CAA22-E54E-48B4-9C21-B3CB66DE15AC}.Release|x86.Deploy.0 = Release|x86
		{03577D12-3F0B-41DA-A775-206869065709}.Debug|Any CPU.ActiveCfg = Debug|Any CPU
		{03577D12-3F0B-41DA-A775-206869065709}.Debug|Any CPU.Build.0 = Debug|Any CPU
		{03577D12-3F0B-41DA-A775-206869065709}.Debug|ARM.ActiveCfg = Debug|Any CPU
		{03577D12-3F0B-41DA-A775-206869065709}.Debug|ARM.Build.0 = Debug|Any CPU
		{03577D12-3F0B-41DA-A775-206869065709}.Debug|ARM64.ActiveCfg = Debug|Any CPU
		{03577D12-3F0B-41DA-A775-206869065709}.Debug|ARM64.Build.0 = Debug|Any CPU
		{03577D12-3F0B-41DA-A775-206869065709}.Debug|x64.ActiveCfg = Debug|Any CPU
		{03577D12-3F0B-41DA-A775-206869065709}.Debug|x64.Build.0 = Debug|Any CPU
		{03577D12-3F0B-41DA-A775-206869065709}.Debug|x86.ActiveCfg = Debug|Any CPU
		{03577D12-3F0B-41DA-A775-206869065709}.Debug|x86.Build.0 = Debug|Any CPU
		{03577D12-3F0B-41DA-A775-206869065709}.Release|Any CPU.ActiveCfg = Release|Any CPU
		{03577D12-3F0B-41DA-A775-206869065709}.Release|Any CPU.Build.0 = Release|Any CPU
		{03577D12-3F0B-41DA-A775-206869065709}.Release|ARM.ActiveCfg = Release|Any CPU
		{03577D12-3F0B-41DA-A775-206869065709}.Release|ARM.Build.0 = Release|Any CPU
		{03577D12-3F0B-41DA-A775-206869065709}.Release|ARM64.ActiveCfg = Release|Any CPU
		{03577D12-3F0B-41DA-A775-206869065709}.Release|ARM64.Build.0 = Release|Any CPU
		{03577D12-3F0B-41DA-A775-206869065709}.Release|x64.ActiveCfg = Release|Any CPU
		{03577D12-3F0B-41DA-A775-206869065709}.Release|x64.Build.0 = Release|Any CPU
		{03577D12-3F0B-41DA-A775-206869065709}.Release|x86.ActiveCfg = Release|Any CPU
		{03577D12-3F0B-41DA-A775-206869065709}.Release|x86.Build.0 = Release|Any CPU
	EndGlobalSection
	GlobalSection(SolutionProperties) = preSolution
		HideSolutionNode = FALSE
	EndGlobalSection
	GlobalSection(ExtensibilityGlobals) = postSolution
		SolutionGuid = {2BDC26BF-DAA8-4AD1-8037-4BE65B8E1A7E}
	EndGlobalSection
EndProject("{F184B08F-C81C-45F6-A57F-5ABD9991F28F}") = "Skrzynki.Core", "Skrzynki.Core\Skrzynki.Core.vbproj", "{03577D12-3F0B-41DA-A775-206869065709}"
EndProject
Global
